
Microsoft Visual Studio Solution File, Format Version 12.00
# Visual Studio Version 17
VisualStudioVersion = 17.0.31919.166
MinimumVisualStudioVersion = 10.0.40219.1
Project("{FAE04EC0-301F-11D3-BF4B-00C04F79EFBC}") = "YahooFinanceApiForNET", "YahooFinanceApiForNET\YahooFinanceApiForNET.csproj", "{F2508DDF-6537-4797-8D1E-D1DA37655246}"
EndProject
Global
	GlobalSection(SolutionConfigurationPlatforms) = preSolution
		Debug|Any CPU = Debug|Any CPU
		Release|Any CPU = Release|Any CPU
	EndGlobalSection
	GlobalSection(ProjectConfigurationPlatforms) = postSolution
		{F2508DDF-6537-4797-8D1E-D1DA37655246}.Debug|Any CPU.ActiveCfg = Debug|Any CPU
		{F2508DDF-6537-4797-8D1E-D1DA37655246}.Debug|Any CPU.Build.0 = Debug|Any CPU
		{F2508DDF-6537-4797-8D1E-D1DA37655246}.Release|Any CPU.ActiveCfg = Release|Any CPU
		{F2508DDF-6537-4797-8D1E-D1DA37655246}.Release|Any CPU.Build.0 = Release|Any CPU
	EndGlobalSection
	GlobalSection(SolutionProperties) = preSolution
		HideSolutionNode = FALSE
	EndGlobalSection
	GlobalSection(ExtensibilityGlobals) = postSolution
		SolutionGuid = {2B3DCB38-DB2B-499F-806B-543738C5DEE8}
	EndGlobalSection
EndGlobal
